// !$*UTF8*$!
{
	archiveVersion = 1;
	classes = {
	};
	objectVersion = 50;
	objects = {

/* Begin PBXBuildFile section */
		C33660EC23ACB2C9000D9E5C /* AppDelegate.m in Sources */ = {isa = PBXBuildFile; fileRef = C33660EB23ACB2C9000D9E5C /* AppDelegate.m */; };
		C33660EF23ACB2C9000D9E5C /* SceneDelegate.m in Sources */ = {isa = PBXBuildFile; fileRef = C33660EE23ACB2C9000D9E5C /* SceneDelegate.m */; };
		C33660F223ACB2C9000D9E5C /* ViewController.m in Sources */ = {isa = PBXBuildFile; fileRef = C33660F123ACB2C9000D9E5C /* ViewController.m */; };
		C33660F523ACB2C9000D9E5C /* Main.storyboard in Resources */ = {isa = PBXBuildFile; fileRef = C33660F323ACB2C9000D9E5C /* Main.storyboard */; };
		C33660F723ACB2C9000D9E5C /* Assets.xcassets in Resources */ = {isa = PBXBuildFile; fileRef = C33660F623ACB2C9000D9E5C /* Assets.xcassets */; };
		C33660FA23ACB2C9000D9E5C /* LaunchScreen.storyboard in Resources */ = {isa = PBXBuildFile; fileRef = C33660F823ACB2C9000D9E5C /* LaunchScreen.storyboard */; };
		C33660FD23ACB2C9000D9E5C /* main.m in Sources */ = {isa = PBXBuildFile; fileRef = C33660FC23ACB2C9000D9E5C /* main.m */; };
		C336611923ACB308000D9E5C /* FMAnimationFrameItem.m in Sources */ = {isa = PBXBuildFile; fileRef = C336610423ACB308000D9E5C /* FMAnimationFrameItem.m */; };
		C336611A23ACB308000D9E5C /* FMAnimationDelegate.m in Sources */ = {isa = PBXBuildFile; fileRef = C336610923ACB308000D9E5C /* FMAnimationDelegate.m */; };
		C336611B23ACB308000D9E5C /* FMAnimationOtherItem.m in Sources */ = {isa = PBXBuildFile; fileRef = C336610A23ACB308000D9E5C /* FMAnimationOtherItem.m */; };
		C336611C23ACB308000D9E5C /* FMAnimationShadowModel.m in Sources */ = {isa = PBXBuildFile; fileRef = C336610B23ACB308000D9E5C /* FMAnimationShadowModel.m */; };
		C336611D23ACB308000D9E5C /* FMAnimationBorderModel.m in Sources */ = {isa = PBXBuildFile; fileRef = C336610C23ACB308000D9E5C /* FMAnimationBorderModel.m */; };
		C336611E23ACB308000D9E5C /* FMAnimationTransformItem.m in Sources */ = {isa = PBXBuildFile; fileRef = C336610E23ACB308000D9E5C /* FMAnimationTransformItem.m */; };
		C336611F23ACB308000D9E5C /* FMAnimationItem.m in Sources */ = {isa = PBXBuildFile; fileRef = C336610F23ACB308000D9E5C /* FMAnimationItem.m */; };
		C336612023ACB308000D9E5C /* UIView+FMAnimation.m in Sources */ = {isa = PBXBuildFile; fileRef = C336611423ACB308000D9E5C /* UIView+FMAnimation.m */; };
		C336612123ACB308000D9E5C /* FMAnimation.m in Sources */ = {isa = PBXBuildFile; fileRef = C336611523ACB308000D9E5C /* FMAnimation.m */; };
/* End PBXBuildFile section */

/* Begin PBXFileReference section */
		C33660E723ACB2C9000D9E5C /* FMAnimation.app */ = {isa = PBXFileReference; explicitFileType = wrapper.application; includeInIndex = 0; path = FMAnimation.app; sourceTree = BUILT_PRODUCTS_DIR; };
		C33660EA23ACB2C9000D9E5C /* AppDelegate.h */ = {isa = PBXFileReference; lastKnownFileType = sourcecode.c.h; path = AppDelegate.h; sourceTree = "<group>"; };
		C33660EB23ACB2C9000D9E5C /* AppDelegate.m */ = {isa = PBXFileReference; lastKnownFileType = sourcecode.c.objc; path = AppDelegate.m; sourceTree = "<group>"; };
		C33660ED23ACB2C9000D9E5C /* SceneDelegate.h */ = {isa = PBXFileReference; lastKnownFileType = sourcecode.c.h; path = SceneDelegate.h; sourceTree = "<group>"; };
		C33660EE23ACB2C9000D9E5C /* SceneDelegate.m */ = {isa = PBXFileReference; lastKnownFileType = sourcecode.c.objc; path = SceneDelegate.m; sourceTree = "<group>"; };
		C33660F023ACB2C9000D9E5C /* ViewController.h */ = {isa = PBXFileReference; lastKnownFileType = sourcecode.c.h; path = ViewController.h; sourceTree = "<group>"; };
		C33660F123ACB2C9000D9E5C /* ViewController.m */ = {isa = PBXFileReference; lastKnownFileType = sourcecode.c.objc; path = ViewController.m; sourceTree = "<group>"; };
		C33660F423ACB2C9000D9E5C /* Base */ = {isa = PBXFileReference; lastKnownFileType = file.storyboard; name = Base; path = Base.lproj/Main.storyboard; sourceTree = "<group>"; };
		C33660F623ACB2C9000D9E5C /* Assets.xcassets */ = {isa = PBXFileReference; lastKnownFileType = folder.assetcatalog; path = Assets.xcassets; sourceTree = "<group>"; };
		C33660F923ACB2C9000D9E5C /* Base */ = {isa = PBXFileReference; lastKnownFileType = file.storyboard; name = Base; path = Base.lproj/LaunchScreen.storyboard; sourceTree = "<group>"; };
		C33660FB23ACB2C9000D9E5C /* Info.plist */ = {isa = PBXFileReference; lastKnownFileType = text.plist.xml; path = Info.plist; sourceTree = "<group>"; };
		C33660FC23ACB2C9000D9E5C /* main.m */ = {isa = PBXFileReference; lastKnownFileType = sourcecode.c.objc; path = main.m; sourceTree = "<group>"; };
		C336610423ACB308000D9E5C /* FMAnimationFrameItem.m */ = {isa = PBXFileReference; fileEncoding = 4; lastKnownFileType = sourcecode.c.objc; path = FMAnimationFrameItem.m; sourceTree = "<group>"; };
		C336610523ACB308000D9E5C /* FMAnimationItem.h */ = {isa = PBXFileReference; fileEncoding = 4; lastKnownFileType = sourcecode.c.h; path = FMAnimationItem.h; sourceTree = "<group>"; };
		C336610623ACB308000D9E5C /* FMAnimationTransformItem.h */ = {isa = PBXFileReference; fileEncoding = 4; lastKnownFileType = sourcecode.c.h; path = FMAnimationTransformItem.h; sourceTree = "<group>"; };
		C336610723ACB308000D9E5C /* FMAnimationHeader.h */ = {isa = PBXFileReference; fileEncoding = 4; lastKnownFileType = sourcecode.c.h; path = FMAnimationHeader.h; sourceTree = "<group>"; };
		C336610823ACB308000D9E5C /* UIView+FMAnimation.h */ = {isa = PBXFileReference; fileEncoding = 4; lastKnownFileType = sourcecode.c.h; path = "UIView+FMAnimation.h"; sourceTree = "<group>"; };
		C336610923ACB308000D9E5C /* FMAnimationDelegate.m */ = {isa = PBXFileReference; fileEncoding = 4; lastKnownFileType = sourcecode.c.objc; path = FMAnimationDelegate.m; sourceTree = "<group>"; };
		C336610A23ACB308000D9E5C /* FMAnimationOtherItem.m */ = {isa = PBXFileReference; fileEncoding = 4; lastKnownFileType = sourcecode.c.objc; path = FMAnimationOtherItem.m; sourceTree = "<group>"; };
		C336610B23ACB308000D9E5C /* FMAnimationShadowModel.m */ = {isa = PBXFileReference; fileEncoding = 4; lastKnownFileType = sourcecode.c.objc; path = FMAnimationShadowModel.m; sourceTree = "<group>"; };
		C336610C23ACB308000D9E5C /* FMAnimationBorderModel.m */ = {isa = PBXFileReference; fileEncoding = 4; lastKnownFileType = sourcecode.c.objc; path = FMAnimationBorderModel.m; sourceTree = "<group>"; };
		C336610D23ACB308000D9E5C /* FMAnimation.h */ = {isa = PBXFileReference; fileEncoding = 4; lastKnownFileType = sourcecode.c.h; path = FMAnimation.h; sourceTree = "<group>"; };
		C336610E23ACB308000D9E5C /* FMAnimationTransformItem.m */ = {isa = PBXFileReference; fileEncoding = 4; lastKnownFileType = sourcecode.c.objc; path = FMAnimationTransformItem.m; sourceTree = "<group>"; };
		C336610F23ACB308000D9E5C /* FMAnimationItem.m */ = {isa = PBXFileReference; fileEncoding = 4; lastKnownFileType = sourcecode.c.objc; path = FMAnimationItem.m; sourceTree = "<group>"; };
		C336611023ACB308000D9E5C /* FMAnimationConstant.h */ = {isa = PBXFileReference; fileEncoding = 4; lastKnownFileType = sourcecode.c.h; path = FMAnimationConstant.h; sourceTree = "<group>"; };
		C336611123ACB308000D9E5C /* FMAnimationFrameItem.h */ = {isa = PBXFileReference; fileEncoding = 4; lastKnownFileType = sourcecode.c.h; path = FMAnimationFrameItem.h; sourceTree = "<group>"; };
		C336611223ACB308000D9E5C /* FMAnimationOtherItem.h */ = {isa = PBXFileReference; fileEncoding = 4; lastKnownFileType = sourcecode.c.h; path = FMAnimationOtherItem.h; sourceTree = "<group>"; };
		C336611323ACB308000D9E5C /* FMAnimationDelegate.h */ = {isa = PBXFileReference; fileEncoding = 4; lastKnownFileType = sourcecode.c.h; path = FMAnimationDelegate.h; sourceTree = "<group>"; };
		C336611423ACB308000D9E5C /* UIView+FMAnimation.m */ = {isa = PBXFileReference; fileEncoding = 4; lastKnownFileType = sourcecode.c.objc; path = "UIView+FMAnimation.m"; sourceTree = "<group>"; };
		C336611523ACB308000D9E5C /* FMAnimation.m */ = {isa = PBXFileReference; fileEncoding = 4; lastKnownFileType = sourcecode.c.objc; path = FMAnimation.m; sourceTree = "<group>"; };
		C336611623ACB308000D9E5C /* FMAnimationBorderModel.h */ = {isa = PBXFileReference; fileEncoding = 4; lastKnownFileType = sourcecode.c.h; path = FMAnimationBorderModel.h; sourceTree = "<group>"; };
		C336611723ACB308000D9E5C /* FMAnimationItemProtocol.h */ = {isa = PBXFileReference; fileEncoding = 4; lastKnownFileType = sourcecode.c.h; path = FMAnimationItemProtocol.h; sourceTree = "<group>"; };
		C336611823ACB308000D9E5C /* FMAnimationShadowModel.h */ = {isa = PBXFileReference; fileEncoding = 4; lastKnownFileType = sourcecode.c.h; path = FMAnimationShadowModel.h; sourceTree = "<group>"; };
/* End PBXFileReference section */

/* Begin PBXFrameworksBuildPhase section */
		C33660E423ACB2C9000D9E5C /* Frameworks */ = {
			isa = PBXFrameworksBuildPhase;
			buildActionMask = 2147483647;
			files = (
			);
			runOnlyForDeploymentPostprocessing = 0;
		};
/* End PBXFrameworksBuildPhase section */

/* Begin PBXGroup section */
		C33660DE23ACB2C9000D9E5C = {
			isa = PBXGroup;
			children = (
				C33660E923ACB2C9000D9E5C /* FMAnimation */,
				C33660E823ACB2C9000D9E5C /* Products */,
			);
			sourceTree = "<group>";
		};
		C33660E823ACB2C9000D9E5C /* Products */ = {
			isa = PBXGroup;
			children = (
				C33660E723ACB2C9000D9E5C /* FMAnimation.app */,
			);
			name = Products;
			sourceTree = "<group>";
		};
		C33660E923ACB2C9000D9E5C /* FMAnimation */ = {
			isa = PBXGroup;
			children = (
				C336610323ACB308000D9E5C /* Class */,
				C33660EA23ACB2C9000D9E5C /* AppDelegate.h */,
				C33660EB23ACB2C9000D9E5C /* AppDelegate.m */,
				C33660ED23ACB2C9000D9E5C /* SceneDelegate.h */,
				C33660EE23ACB2C9000D9E5C /* SceneDelegate.m */,
				C33660F023ACB2C9000D9E5C /* ViewController.h */,
				C33660F123ACB2C9000D9E5C /* ViewController.m */,
				C33660F323ACB2C9000D9E5C /* Main.storyboard */,
				C33660F623ACB2C9000D9E5C /* Assets.xcassets */,
				C33660F823ACB2C9000D9E5C /* LaunchScreen.storyboard */,
				C33660FB23ACB2C9000D9E5C /* Info.plist */,
				C33660FC23ACB2C9000D9E5C /* main.m */,
			);
			path = FMAnimation;
			sourceTree = "<group>";
		};
		C336610323ACB308000D9E5C /* Class */ = {
			isa = PBXGroup;
			children = (
				C336610823ACB308000D9E5C /* UIView+FMAnimation.h */,
				C336611423ACB308000D9E5C /* UIView+FMAnimation.m */,
				C336610723ACB308000D9E5C /* FMAnimationHeader.h */,
				C336611023ACB308000D9E5C /* FMAnimationConstant.h */,
				C336611723ACB308000D9E5C /* FMAnimationItemProtocol.h */,
				C336610D23ACB308000D9E5C /* FMAnimation.h */,
				C336611523ACB308000D9E5C /* FMAnimation.m */,
				C336610523ACB308000D9E5C /* FMAnimationItem.h */,
				C336610F23ACB308000D9E5C /* FMAnimationItem.m */,
				C336611123ACB308000D9E5C /* FMAnimationFrameItem.h */,
				C336610423ACB308000D9E5C /* FMAnimationFrameItem.m */,
				C336610623ACB308000D9E5C /* FMAnimationTransformItem.h */,
				C336610E23ACB308000D9E5C /* FMAnimationTransformItem.m */,
				C336611223ACB308000D9E5C /* FMAnimationOtherItem.h */,
				C336610A23ACB308000D9E5C /* FMAnimationOtherItem.m */,
				C336611823ACB308000D9E5C /* FMAnimationShadowModel.h */,
				C336610B23ACB308000D9E5C /* FMAnimationShadowModel.m */,
				C336611623ACB308000D9E5C /* FMAnimationBorderModel.h */,
				C336610C23ACB308000D9E5C /* FMAnimationBorderModel.m */,
				C336611323ACB308000D9E5C /* FMAnimationDelegate.h */,
				C336610923ACB308000D9E5C /* FMAnimationDelegate.m */,
			);
			path = Class;
			sourceTree = "<group>";
		};
/* End PBXGroup section */

/* Begin PBXNativeTarget section */
		C33660E623ACB2C9000D9E5C /* FMAnimation */ = {
			isa = PBXNativeTarget;
			buildConfigurationList = C336610023ACB2C9000D9E5C /* Build configuration list for PBXNativeTarget "FMAnimation" */;
			buildPhases = (
				C33660E323ACB2C9000D9E5C /* Sources */,
				C33660E423ACB2C9000D9E5C /* Frameworks */,
				C33660E523ACB2C9000D9E5C /* Resources */,
			);
			buildRules = (
			);
			dependencies = (
			);
			name = FMAnimation;
			productName = FMAnimation;
			productReference = C33660E723ACB2C9000D9E5C /* FMAnimation.app */;
			productType = "com.apple.product-type.application";
		};
/* End PBXNativeTarget section */

/* Begin PBXProject section */
		C33660DF23ACB2C9000D9E5C /* Project object */ = {
			isa = PBXProject;
			attributes = {
				LastUpgradeCheck = 1130;
				ORGANIZATIONNAME = "郑桂华";
				TargetAttributes = {
					C33660E623ACB2C9000D9E5C = {
						CreatedOnToolsVersion = 11.3;
					};
				};
			};
			buildConfigurationList = C33660E223ACB2C9000D9E5C /* Build configuration list for PBXProject "FMAnimation" */;
			compatibilityVersion = "Xcode 9.3";
			developmentRegion = en;
			hasScannedForEncodings = 0;
			knownRegions = (
				en,
				Base,
			);
			mainGroup = C33660DE23ACB2C9000D9E5C;
			productRefGroup = C33660E823ACB2C9000D9E5C /* Products */;
			projectDirPath = "";
			projectRoot = "";
			targets = (
				C33660E623ACB2C9000D9E5C /* FMAnimation */,
			);
		};
/* End PBXProject section */

/* Begin PBXResourcesBuildPhase section */
		C33660E523ACB2C9000D9E5C /* Resources */ = {
			isa = PBXResourcesBuildPhase;
			buildActionMask = 2147483647;
			files = (
				C33660FA23ACB2C9000D9E5C /* LaunchScreen.storyboard in Resources */,
				C33660F723ACB2C9000D9E5C /* Assets.xcassets in Resources */,
				C33660F523ACB2C9000D9E5C /* Main.storyboard in Resources */,
			);
			runOnlyForDeploymentPostprocessing = 0;
		};
/* End PBXResourcesBuildPhase section */

/* Begin PBXSourcesBuildPhase section */
		C33660E323ACB2C9000D9E5C /* Sources */ = {
			isa = PBXSourcesBuildPhase;
			buildActionMask = 2147483647;
			files = (
				C336612123ACB308000D9E5C /* FMAnimation.m in Sources */,
				C33660F223ACB2C9000D9E5C /* ViewController.m in Sources */,
				C336611923ACB308000D9E5C /* FMAnimationFrameItem.m in Sources */,
				C33660EC23ACB2C9000D9E5C /* AppDelegate.m in Sources */,
				C336611E23ACB308000D9E5C /* FMAnimationTransformItem.m in Sources */,
				C336611B23ACB308000D9E5C /* FMAnimationOtherItem.m in Sources */,
				C33660FD23ACB2C9000D9E5C /* main.m in Sources */,
				C336612023ACB308000D9E5C /* UIView+FMAnimation.m in Sources */,
				C336611C23ACB308000D9E5C /* FMAnimationShadowModel.m in Sources */,
				C336611F23ACB308000D9E5C /* FMAnimationItem.m in Sources */,
				C336611D23ACB308000D9E5C /* FMAnimationBorderModel.m in Sources */,
				C336611A23ACB308000D9E5C /* FMAnimationDelegate.m in Sources */,
				C33660EF23ACB2C9000D9E5C /* SceneDelegate.m in Sources */,
			);
			runOnlyForDeploymentPostprocessing = 0;
		};
/* End PBXSourcesBuildPhase section */

/* Begin PBXVariantGroup section */
		C33660F323ACB2C9000D9E5C /* Main.storyboard */ = {
			isa = PBXVariantGroup;
			children = (
				C33660F423ACB2C9000D9E5C /* Base */,
			);
			name = Main.storyboard;
			sourceTree = "<group>";
		};
		C33660F823ACB2C9000D9E5C /* LaunchScreen.storyboard */ = {
			isa = PBXVariantGroup;
			children = (
				C33660F923ACB2C9000D9E5C /* Base */,
			);
			name = LaunchScreen.storyboard;
			sourceTree = "<group>";
		};
/* End PBXVariantGroup section */

/* Begin XCBuildConfiguration section */
		C33660FE23ACB2C9000D9E5C /* Debug */ = {
			isa = XCBuildConfiguration;
			buildSettings = {
				ALWAYS_SEARCH_USER_PATHS = NO;
				CLANG_ANALYZER_NONNULL = YES;
				CLANG_ANALYZER_NUMBER_OBJECT_CONVERSION = YES_AGGRESSIVE;
				CLANG_CXX_LANGUAGE_STANDARD = "gnu++14";
				CLANG_CXX_LIBRARY = "libc++";
				CLANG_ENABLE_MODULES = YES;
				CLANG_ENABLE_OBJC_ARC = YES;
				CLANG_ENABLE_OBJC_WEAK = YES;
				CLANG_WARN_BLOCK_CAPTURE_AUTORELEASING = YES;
				CLANG_WARN_BOOL_CONVERSION = YES;
				CLANG_WARN_COMMA = YES;
				CLANG_WARN_CONSTANT_CONVERSION = YES;
				CLANG_WARN_DEPRECATED_OBJC_IMPLEMENTATIONS = YES;
				CLANG_WARN_DIRECT_OBJC_ISA_USAGE = YES_ERROR;
				CLANG_WARN_DOCUMENTATION_COMMENTS = YES;
				CLANG_WARN_EMPTY_BODY = YES;
				CLANG_WARN_ENUM_CONVERSION = YES;
				CLANG_WARN_INFINITE_RECURSION = YES;
				CLANG_WARN_INT_CONVERSION = YES;
				CLANG_WARN_NON_LITERAL_NULL_CONVERSION = YES;
				CLANG_WARN_OBJC_IMPLICIT_RETAIN_SELF = YES;
				CLANG_WARN_OBJC_LITERAL_CONVERSION = YES;
				CLANG_WARN_OBJC_ROOT_CLASS = YES_ERROR;
				CLANG_WARN_RANGE_LOOP_ANALYSIS = YES;
				CLANG_WARN_STRICT_PROTOTYPES = YES;
				CLANG_WARN_SUSPICIOUS_MOVE = YES;
				CLANG_WARN_UNGUARDED_AVAILABILITY = YES_AGGRESSIVE;
				CLANG_WARN_UNREACHABLE_CODE = YES;
				CLANG_WARN__DUPLICATE_METHOD_MATCH = YES;
				COPY_PHASE_STRIP = NO;
				DEBUG_INFORMATION_FORMAT = dwarf;
				ENABLE_STRICT_OBJC_MSGSEND = YES;
				ENABLE_TESTABILITY = YES;
				GCC_C_LANGUAGE_STANDARD = gnu11;
				GCC_DYNAMIC_NO_PIC = NO;
				GCC_NO_COMMON_BLOCKS = YES;
				GCC_OPTIMIZATION_LEVEL = 0;
				GCC_PREPROCESSOR_DEFINITIONS = (
					"DEBUG=1",
					"$(inherited)",
				);
				GCC_WARN_64_TO_32_BIT_CONVERSION = YES;
				GCC_WARN_ABOUT_RETURN_TYPE = YES_ERROR;
				GCC_WARN_UNDECLARED_SELECTOR = YES;
				GCC_WARN_UNINITIALIZED_AUTOS = YES_AGGRESSIVE;
				GCC_WARN_UNUSED_FUNCTION = YES;
				GCC_WARN_UNUSED_VARIABLE = YES;
				IPHONEOS_DEPLOYMENT_TARGET = 13.2;
				MTL_ENABLE_DEBUG_INFO = INCLUDE_SOURCE;
				MTL_FAST_MATH = YES;
				ONLY_ACTIVE_ARCH = YES;
				SDKROOT = iphoneos;
			};
			name = Debug;
		};
		C33660FF23ACB2C9000D9E5C /* Release */ = {
			isa = XCBuildConfiguration;
			buildSettings = {
				ALWAYS_SEARCH_USER_PATHS = NO;
				CLANG_ANALYZER_NONNULL = YES;
				CLANG_ANALYZER_NUMBER_OBJECT_CONVERSION = YES_AGGRESSIVE;
				CLANG_CXX_LANGUAGE_STANDARD = "gnu++14";
				CLANG_CXX_LIBRARY = "libc++";
				CLANG_ENABLE_MODULES = YES;
				CLANG_ENABLE_OBJC_ARC = YES;
				CLANG_ENABLE_OBJC_WEAK = YES;
				CLANG_WARN_BLOCK_CAPTURE_AUTORELEASING = YES;
				CLANG_WARN_BOOL_CONVERSION = YES;
				CLANG_WARN_COMMA = YES;
				CLANG_WARN_CONSTANT_CONVERSION = YES;
				CLANG_WARN_DEPRECATED_OBJC_IMPLEMENTATIONS = YES;
				CLANG_WARN_DIRECT_OBJC_ISA_USAGE = YES_ERROR;
				CLANG_WARN_DOCUMENTATION_COMMENTS = YES;
				CLANG_WARN_EMPTY_BODY = YES;
				CLANG_WARN_ENUM_CONVERSION = YES;
				CLANG_WARN_INFINITE_RECURSION = YES;
				CLANG_WARN_INT_CONVERSION = YES;
				CLANG_WARN_NON_LITERAL_NULL_CONVERSION = YES;
				CLANG_WARN_OBJC_IMPLICIT_RETAIN_SELF = YES;
				CLANG_WARN_OBJC_LITERAL_CONVERSION = YES;
				CLANG_WARN_OBJC_ROOT_CLASS = YES_ERROR;
				CLANG_WARN_RANGE_LOOP_ANALYSIS = YES;
				CLANG_WARN_STRICT_PROTOTYPES = YES;
				CLANG_WARN_SUSPICIOUS_MOVE = YES;
				CLANG_WARN_UNGUARDED_AVAILABILITY = YES_AGGRESSIVE;
				CLANG_WARN_UNREACHABLE_CODE = YES;
				CLANG_WARN__DUPLICATE_METHOD_MATCH = YES;
				COPY_PHASE_STRIP = NO;
				DEBUG_INFORMATION_FORMAT = "dwarf-with-dsym";
				ENABLE_NS_ASSERTIONS = NO;
				ENABLE_STRICT_OBJC_MSGSEND = YES;
				GCC_C_LANGUAGE_STANDARD = gnu11;
				GCC_NO_COMMON_BLOCKS = YES;
				GCC_WARN_64_TO_32_BIT_CONVERSION = YES;
				GCC_WARN_ABOUT_RETURN_TYPE = YES_ERROR;
				GCC_WARN_UNDECLARED_SELECTOR = YES;
				GCC_WARN_UNINITIALIZED_AUTOS = YES_AGGRESSIVE;
				GCC_WARN_UNUSED_FUNCTION = YES;
				GCC_WARN_UNUSED_VARIABLE = YES;
				IPHONEOS_DEPLOYMENT_TARGET = 13.2;
				MTL_ENABLE_DEBUG_INFO = NO;
				MTL_FAST_MATH = YES;
				SDKROOT = iphoneos;
				VALIDATE_PRODUCT = YES;
			};
			name = Release;
		};
		C336610123ACB2C9000D9E5C /* Debug */ = {
			isa = XCBuildConfiguration;
			buildSettings = {
				ASSETCATALOG_COMPILER_APPICON_NAME = AppIcon;
				CODE_SIGN_STYLE = Automatic;
				INFOPLIST_FILE = FMAnimation/Info.plist;
				LD_RUNPATH_SEARCH_PATHS = (
					"$(inherited)",
					"@executable_path/Frameworks",
				);
				PRODUCT_BUNDLE_IDENTIFIER = com.zgh.FMAnimation;
				PRODUCT_NAME = "$(TARGET_NAME)";
				TARGETED_DEVICE_FAMILY = "1,2";
			};
			name = Debug;
		};
		C336610223ACB2C9000D9E5C /* Release */ = {
			isa = XCBuildConfiguration;
			buildSettings = {
				ASSETCATALOG_COMPILER_APPICON_NAME = AppIcon;
				CODE_SIGN_STYLE = Automatic;
				INFOPLIST_FILE = FMAnimation/Info.plist;
				LD_RUNPATH_SEARCH_PATHS = (
					"$(inherited)",
					"@executable_path/Frameworks",
				);
				PRODUCT_BUNDLE_IDENTIFIER = com.zgh.FMAnimation;
				PRODUCT_NAME = "$(TARGET_NAME)";
				TARGETED_DEVICE_FAMILY = "1,2";
			};
			name = Release;
		};
/* End XCBuildConfiguration section */

/* Begin XCConfigurationList section */
		C33660E223ACB2C9000D9E5C /* Build configuration list for PBXProject "FMAnimation" */ = {
			isa = XCConfigurationList;
			buildConfigurations = (
				C33660FE23ACB2C9000D9E5C /* Debug */,
				C33660FF23ACB2C9000D9E5C /* Release */,
			);
			defaultConfigurationIsVisible = 0;
			defaultConfigurationName = Release;
		};
		C336610023ACB2C9000D9E5C /* Build configuration list for PBXNativeTarget "FMAnimation" */ = {
			isa = XCConfigurationList;
			buildConfigurations = (
				C336610123ACB2C9000D9E5C /* Debug */,
				C336610223ACB2C9000D9E5C /* Release */,
			);
			defaultConfigurationIsVisible = 0;
			defaultConfigurationName = Release;
		};
/* End XCConfigurationList section */
	};
	rootObject = C33660DF23ACB2C9000D9E5C /* Project object */;
}
