// !$*UTF8*$!
{
	archiveVersion = 1;
	classes = {
	};
	objectVersion = 50;
	objects = {

/* Begin PBXBuildFile section */
		C3487DBD23A0BE7300EE2432 /* FMAnimationFrameItem.m in Sources */ = {isa = PBXBuildFile; fileRef = C3487DBC23A0BE7300EE2432 /* FMAnimationFrameItem.m */; };
		C36DD7D02387794D0074B683 /* AppDelegate.m in Sources */ = {isa = PBXBuildFile; fileRef = C36DD7CF2387794D0074B683 /* AppDelegate.m */; };
		C36DD7D62387794D0074B683 /* ViewController.m in Sources */ = {isa = PBXBuildFile; fileRef = C36DD7D52387794D0074B683 /* ViewController.m */; };
		C36DD7D92387794D0074B683 /* Main.storyboard in Resources */ = {isa = PBXBuildFile; fileRef = C36DD7D72387794D0074B683 /* Main.storyboard */; };
		C36DD7DB2387794F0074B683 /* Assets.xcassets in Resources */ = {isa = PBXBuildFile; fileRef = C36DD7DA2387794F0074B683 /* Assets.xcassets */; };
		C36DD7DE2387794F0074B683 /* LaunchScreen.storyboard in Resources */ = {isa = PBXBuildFile; fileRef = C36DD7DC2387794F0074B683 /* LaunchScreen.storyboard */; };
		C36DD7E12387794F0074B683 /* main.m in Sources */ = {isa = PBXBuildFile; fileRef = C36DD7E02387794F0074B683 /* main.m */; };
		C36DD7EA2387798A0074B683 /* FMAnimation.m in Sources */ = {isa = PBXBuildFile; fileRef = C36DD7E92387798A0074B683 /* FMAnimation.m */; };
		C36DF3C1239B7B5800A696A5 /* FMAnimationItem.m in Sources */ = {isa = PBXBuildFile; fileRef = C36DF3C0239B7B5800A696A5 /* FMAnimationItem.m */; };
		C3798715239DD06300C8CC8A /* FMAnimationDelegate.m in Sources */ = {isa = PBXBuildFile; fileRef = C3798714239DD06300C8CC8A /* FMAnimationDelegate.m */; };
		C399582523AB60C1002926AC /* FMAnimationOtherItem.m in Sources */ = {isa = PBXBuildFile; fileRef = C399582423AB60C1002926AC /* FMAnimationOtherItem.m */; };
		C399582823AB6421002926AC /* FMAnimationShadowModel.m in Sources */ = {isa = PBXBuildFile; fileRef = C399582723AB6421002926AC /* FMAnimationShadowModel.m */; };
		C3B25BC923AA301200230FE4 /* FMAnimationTransformItem.m in Sources */ = {isa = PBXBuildFile; fileRef = C3B25BC823AA301200230FE4 /* FMAnimationTransformItem.m */; };
		C3B9B7B2239B74290086684A /* UIView+FMAnimation.m in Sources */ = {isa = PBXBuildFile; fileRef = C3B9B7B1239B74290086684A /* UIView+FMAnimation.m */; };
		C3BF81FC23AB6732000011CA /* FMAnimationBorderModel.m in Sources */ = {isa = PBXBuildFile; fileRef = C3BF81FB23AB6732000011CA /* FMAnimationBorderModel.m */; };
		C3F8E687239F9C5600BBE60F /* FMView.m in Sources */ = {isa = PBXBuildFile; fileRef = C3F8E686239F9C5600BBE60F /* FMView.m */; };
/* End PBXBuildFile section */

/* Begin PBXFileReference section */
		C3487DBB23A0BE7300EE2432 /* FMAnimationFrameItem.h */ = {isa = PBXFileReference; lastKnownFileType = sourcecode.c.h; path = FMAnimationFrameItem.h; sourceTree = "<group>"; };
		C3487DBC23A0BE7300EE2432 /* FMAnimationFrameItem.m */ = {isa = PBXFileReference; lastKnownFileType = sourcecode.c.objc; path = FMAnimationFrameItem.m; sourceTree = "<group>"; };
		C36DD7CB2387794D0074B683 /* Animation.app */ = {isa = PBXFileReference; explicitFileType = wrapper.application; includeInIndex = 0; path = Animation.app; sourceTree = BUILT_PRODUCTS_DIR; };
		C36DD7CE2387794D0074B683 /* AppDelegate.h */ = {isa = PBXFileReference; lastKnownFileType = sourcecode.c.h; path = AppDelegate.h; sourceTree = "<group>"; };
		C36DD7CF2387794D0074B683 /* AppDelegate.m */ = {isa = PBXFileReference; lastKnownFileType = sourcecode.c.objc; path = AppDelegate.m; sourceTree = "<group>"; };
		C36DD7D42387794D0074B683 /* ViewController.h */ = {isa = PBXFileReference; lastKnownFileType = sourcecode.c.h; path = ViewController.h; sourceTree = "<group>"; };
		C36DD7D52387794D0074B683 /* ViewController.m */ = {isa = PBXFileReference; lastKnownFileType = sourcecode.c.objc; path = ViewController.m; sourceTree = "<group>"; };
		C36DD7D82387794D0074B683 /* Base */ = {isa = PBXFileReference; lastKnownFileType = file.storyboard; name = Base; path = Base.lproj/Main.storyboard; sourceTree = "<group>"; };
		C36DD7DA2387794F0074B683 /* Assets.xcassets */ = {isa = PBXFileReference; lastKnownFileType = folder.assetcatalog; path = Assets.xcassets; sourceTree = "<group>"; };
		C36DD7DD2387794F0074B683 /* Base */ = {isa = PBXFileReference; lastKnownFileType = file.storyboard; name = Base; path = Base.lproj/LaunchScreen.storyboard; sourceTree = "<group>"; };
		C36DD7DF2387794F0074B683 /* Info.plist */ = {isa = PBXFileReference; lastKnownFileType = text.plist.xml; path = Info.plist; sourceTree = "<group>"; };
		C36DD7E02387794F0074B683 /* main.m */ = {isa = PBXFileReference; lastKnownFileType = sourcecode.c.objc; path = main.m; sourceTree = "<group>"; };
		C36DD7E82387798A0074B683 /* FMAnimation.h */ = {isa = PBXFileReference; lastKnownFileType = sourcecode.c.h; path = FMAnimation.h; sourceTree = "<group>"; };
		C36DD7E92387798A0074B683 /* FMAnimation.m */ = {isa = PBXFileReference; lastKnownFileType = sourcecode.c.objc; path = FMAnimation.m; sourceTree = "<group>"; };
		C36DF3BF239B7B5800A696A5 /* FMAnimationItem.h */ = {isa = PBXFileReference; lastKnownFileType = sourcecode.c.h; path = FMAnimationItem.h; sourceTree = "<group>"; };
		C36DF3C0239B7B5800A696A5 /* FMAnimationItem.m */ = {isa = PBXFileReference; lastKnownFileType = sourcecode.c.objc; path = FMAnimationItem.m; sourceTree = "<group>"; };
		C3798713239DD06300C8CC8A /* FMAnimationDelegate.h */ = {isa = PBXFileReference; lastKnownFileType = sourcecode.c.h; path = FMAnimationDelegate.h; sourceTree = "<group>"; };
		C3798714239DD06300C8CC8A /* FMAnimationDelegate.m */ = {isa = PBXFileReference; lastKnownFileType = sourcecode.c.objc; path = FMAnimationDelegate.m; sourceTree = "<group>"; };
		C399582323AB60C1002926AC /* FMAnimationOtherItem.h */ = {isa = PBXFileReference; lastKnownFileType = sourcecode.c.h; path = FMAnimationOtherItem.h; sourceTree = "<group>"; };
		C399582423AB60C1002926AC /* FMAnimationOtherItem.m */ = {isa = PBXFileReference; lastKnownFileType = sourcecode.c.objc; path = FMAnimationOtherItem.m; sourceTree = "<group>"; };
		C399582623AB6421002926AC /* FMAnimationShadowModel.h */ = {isa = PBXFileReference; lastKnownFileType = sourcecode.c.h; path = FMAnimationShadowModel.h; sourceTree = "<group>"; };
		C399582723AB6421002926AC /* FMAnimationShadowModel.m */ = {isa = PBXFileReference; lastKnownFileType = sourcecode.c.objc; path = FMAnimationShadowModel.m; sourceTree = "<group>"; };
		C3B25BC723AA301200230FE4 /* FMAnimationTransformItem.h */ = {isa = PBXFileReference; lastKnownFileType = sourcecode.c.h; path = FMAnimationTransformItem.h; sourceTree = "<group>"; };
		C3B25BC823AA301200230FE4 /* FMAnimationTransformItem.m */ = {isa = PBXFileReference; lastKnownFileType = sourcecode.c.objc; path = FMAnimationTransformItem.m; sourceTree = "<group>"; };
		C3B9B7B0239B74290086684A /* UIView+FMAnimation.h */ = {isa = PBXFileReference; lastKnownFileType = sourcecode.c.h; path = "UIView+FMAnimation.h"; sourceTree = "<group>"; };
		C3B9B7B1239B74290086684A /* UIView+FMAnimation.m */ = {isa = PBXFileReference; lastKnownFileType = sourcecode.c.objc; path = "UIView+FMAnimation.m"; sourceTree = "<group>"; };
		C3BF81FA23AB6732000011CA /* FMAnimationBorderModel.h */ = {isa = PBXFileReference; lastKnownFileType = sourcecode.c.h; path = FMAnimationBorderModel.h; sourceTree = "<group>"; };
		C3BF81FB23AB6732000011CA /* FMAnimationBorderModel.m */ = {isa = PBXFileReference; lastKnownFileType = sourcecode.c.objc; path = FMAnimationBorderModel.m; sourceTree = "<group>"; };
		C3BF81FD23AB77C4000011CA /* FMAnimationItemProtocol.h */ = {isa = PBXFileReference; lastKnownFileType = sourcecode.c.h; path = FMAnimationItemProtocol.h; sourceTree = "<group>"; };
		C3BF81FE23AB7FB9000011CA /* FMAnimationHeader.h */ = {isa = PBXFileReference; lastKnownFileType = sourcecode.c.h; path = FMAnimationHeader.h; sourceTree = "<group>"; };
		C3F8E685239F9C5600BBE60F /* FMView.h */ = {isa = PBXFileReference; lastKnownFileType = sourcecode.c.h; path = FMView.h; sourceTree = "<group>"; };
		C3F8E686239F9C5600BBE60F /* FMView.m */ = {isa = PBXFileReference; lastKnownFileType = sourcecode.c.objc; path = FMView.m; sourceTree = "<group>"; };
/* End PBXFileReference section */

/* Begin PBXFrameworksBuildPhase section */
		C36DD7C82387794D0074B683 /* Frameworks */ = {
			isa = PBXFrameworksBuildPhase;
			buildActionMask = 2147483647;
			files = (
			);
			runOnlyForDeploymentPostprocessing = 0;
		};
/* End PBXFrameworksBuildPhase section */

/* Begin PBXGroup section */
		C36DD7C22387794D0074B683 = {
			isa = PBXGroup;
			children = (
				C36DD7CD2387794D0074B683 /* Animation */,
				C36DD7CC2387794D0074B683 /* Products */,
			);
			sourceTree = "<group>";
		};
		C36DD7CC2387794D0074B683 /* Products */ = {
			isa = PBXGroup;
			children = (
				C36DD7CB2387794D0074B683 /* Animation.app */,
			);
			name = Products;
			sourceTree = "<group>";
		};
		C36DD7CD2387794D0074B683 /* Animation */ = {
			isa = PBXGroup;
			children = (
				C36DD7E7238779640074B683 /* Class */,
				C36DD7CE2387794D0074B683 /* AppDelegate.h */,
				C36DD7CF2387794D0074B683 /* AppDelegate.m */,
				C36DD7D42387794D0074B683 /* ViewController.h */,
				C36DD7D52387794D0074B683 /* ViewController.m */,
				C3F8E685239F9C5600BBE60F /* FMView.h */,
				C3F8E686239F9C5600BBE60F /* FMView.m */,
				C36DD7D72387794D0074B683 /* Main.storyboard */,
				C36DD7DA2387794F0074B683 /* Assets.xcassets */,
				C36DD7DC2387794F0074B683 /* LaunchScreen.storyboard */,
				C36DD7DF2387794F0074B683 /* Info.plist */,
				C36DD7E02387794F0074B683 /* main.m */,
			);
			path = Animation;
			sourceTree = "<group>";
		};
		C36DD7E7238779640074B683 /* Class */ = {
			isa = PBXGroup;
			children = (
				C3BF81FE23AB7FB9000011CA /* FMAnimationHeader.h */,
				C3BF81FD23AB77C4000011CA /* FMAnimationItemProtocol.h */,
				C36DD7E82387798A0074B683 /* FMAnimation.h */,
				C36DD7E92387798A0074B683 /* FMAnimation.m */,
				C36DF3BF239B7B5800A696A5 /* FMAnimationItem.h */,
				C36DF3C0239B7B5800A696A5 /* FMAnimationItem.m */,
				C3487DBB23A0BE7300EE2432 /* FMAnimationFrameItem.h */,
				C3487DBC23A0BE7300EE2432 /* FMAnimationFrameItem.m */,
				C3B25BC723AA301200230FE4 /* FMAnimationTransformItem.h */,
				C3B25BC823AA301200230FE4 /* FMAnimationTransformItem.m */,
				C399582323AB60C1002926AC /* FMAnimationOtherItem.h */,
				C399582423AB60C1002926AC /* FMAnimationOtherItem.m */,
				C399582623AB6421002926AC /* FMAnimationShadowModel.h */,
				C399582723AB6421002926AC /* FMAnimationShadowModel.m */,
				C3BF81FA23AB6732000011CA /* FMAnimationBorderModel.h */,
				C3BF81FB23AB6732000011CA /* FMAnimationBorderModel.m */,
				C3798713239DD06300C8CC8A /* FMAnimationDelegate.h */,
				C3798714239DD06300C8CC8A /* FMAnimationDelegate.m */,
				C3B9B7B0239B74290086684A /* UIView+FMAnimation.h */,
				C3B9B7B1239B74290086684A /* UIView+FMAnimation.m */,
			);
			path = Class;
			sourceTree = "<group>";
		};
/* End PBXGroup section */

/* Begin PBXNativeTarget section */
		C36DD7CA2387794D0074B683 /* Animation */ = {
			isa = PBXNativeTarget;
			buildConfigurationList = C36DD7E42387794F0074B683 /* Build configuration list for PBXNativeTarget "Animation" */;
			buildPhases = (
				C36DD7C72387794D0074B683 /* Sources */,
				C36DD7C82387794D0074B683 /* Frameworks */,
				C36DD7C92387794D0074B683 /* Resources */,
			);
			buildRules = (
			);
			dependencies = (
			);
			name = Animation;
			productName = Animation;
			productReference = C36DD7CB2387794D0074B683 /* Animation.app */;
			productType = "com.apple.product-type.application";
		};
/* End PBXNativeTarget section */

/* Begin PBXProject section */
		C36DD7C32387794D0074B683 /* Project object */ = {
			isa = PBXProject;
			attributes = {
				LastUpgradeCheck = 1120;
				ORGANIZATIONNAME = "郑桂华";
				TargetAttributes = {
					C36DD7CA2387794D0074B683 = {
						CreatedOnToolsVersion = 11.2;
					};
				};
			};
			buildConfigurationList = C36DD7C62387794D0074B683 /* Build configuration list for PBXProject "Animation" */;
			compatibilityVersion = "Xcode 9.3";
			developmentRegion = en;
			hasScannedForEncodings = 0;
			knownRegions = (
				en,
				Base,
			);
			mainGroup = C36DD7C22387794D0074B683;
			productRefGroup = C36DD7CC2387794D0074B683 /* Products */;
			projectDirPath = "";
			projectRoot = "";
			targets = (
				C36DD7CA2387794D0074B683 /* Animation */,
			);
		};
/* End PBXProject section */

/* Begin PBXResourcesBuildPhase section */
		C36DD7C92387794D0074B683 /* Resources */ = {
			isa = PBXResourcesBuildPhase;
			buildActionMask = 2147483647;
			files = (
				C36DD7DE2387794F0074B683 /* LaunchScreen.storyboard in Resources */,
				C36DD7DB2387794F0074B683 /* Assets.xcassets in Resources */,
				C36DD7D92387794D0074B683 /* Main.storyboard in Resources */,
			);
			runOnlyForDeploymentPostprocessing = 0;
		};
/* End PBXResourcesBuildPhase section */

/* Begin PBXSourcesBuildPhase section */
		C36DD7C72387794D0074B683 /* Sources */ = {
			isa = PBXSourcesBuildPhase;
			buildActionMask = 2147483647;
			files = (
				C399582823AB6421002926AC /* FMAnimationShadowModel.m in Sources */,
				C3B9B7B2239B74290086684A /* UIView+FMAnimation.m in Sources */,
				C399582523AB60C1002926AC /* FMAnimationOtherItem.m in Sources */,
				C36DD7EA2387798A0074B683 /* FMAnimation.m in Sources */,
				C36DD7D62387794D0074B683 /* ViewController.m in Sources */,
				C3487DBD23A0BE7300EE2432 /* FMAnimationFrameItem.m in Sources */,
				C36DD7D02387794D0074B683 /* AppDelegate.m in Sources */,
				C36DF3C1239B7B5800A696A5 /* FMAnimationItem.m in Sources */,
				C3F8E687239F9C5600BBE60F /* FMView.m in Sources */,
				C3BF81FC23AB6732000011CA /* FMAnimationBorderModel.m in Sources */,
				C36DD7E12387794F0074B683 /* main.m in Sources */,
				C3798715239DD06300C8CC8A /* FMAnimationDelegate.m in Sources */,
				C3B25BC923AA301200230FE4 /* FMAnimationTransformItem.m in Sources */,
			);
			runOnlyForDeploymentPostprocessing = 0;
		};
/* End PBXSourcesBuildPhase section */

/* Begin PBXVariantGroup section */
		C36DD7D72387794D0074B683 /* Main.storyboard */ = {
			isa = PBXVariantGroup;
			children = (
				C36DD7D82387794D0074B683 /* Base */,
			);
			name = Main.storyboard;
			sourceTree = "<group>";
		};
		C36DD7DC2387794F0074B683 /* LaunchScreen.storyboard */ = {
			isa = PBXVariantGroup;
			children = (
				C36DD7DD2387794F0074B683 /* Base */,
			);
			name = LaunchScreen.storyboard;
			sourceTree = "<group>";
		};
/* End PBXVariantGroup section */

/* Begin XCBuildConfiguration section */
		C36DD7E22387794F0074B683 /* Debug */ = {
			isa = XCBuildConfiguration;
			buildSettings = {
				ALWAYS_SEARCH_USER_PATHS = NO;
				CLANG_ANALYZER_NONNULL = YES;
				CLANG_ANALYZER_NUMBER_OBJECT_CONVERSION = YES_AGGRESSIVE;
				CLANG_CXX_LANGUAGE_STANDARD = "gnu++14";
				CLANG_CXX_LIBRARY = "libc++";
				CLANG_ENABLE_MODULES = YES;
				CLANG_ENABLE_OBJC_ARC = YES;
				CLANG_ENABLE_OBJC_WEAK = YES;
				CLANG_WARN_BLOCK_CAPTURE_AUTORELEASING = YES;
				CLANG_WARN_BOOL_CONVERSION = YES;
				CLANG_WARN_COMMA = YES;
				CLANG_WARN_CONSTANT_CONVERSION = YES;
				CLANG_WARN_DEPRECATED_OBJC_IMPLEMENTATIONS = YES;
				CLANG_WARN_DIRECT_OBJC_ISA_USAGE = YES_ERROR;
				CLANG_WARN_DOCUMENTATION_COMMENTS = YES;
				CLANG_WARN_EMPTY_BODY = YES;
				CLANG_WARN_ENUM_CONVERSION = YES;
				CLANG_WARN_INFINITE_RECURSION = YES;
				CLANG_WARN_INT_CONVERSION = YES;
				CLANG_WARN_NON_LITERAL_NULL_CONVERSION = YES;
				CLANG_WARN_OBJC_IMPLICIT_RETAIN_SELF = YES;
				CLANG_WARN_OBJC_LITERAL_CONVERSION = YES;
				CLANG_WARN_OBJC_ROOT_CLASS = YES_ERROR;
				CLANG_WARN_RANGE_LOOP_ANALYSIS = YES;
				CLANG_WARN_STRICT_PROTOTYPES = YES;
				CLANG_WARN_SUSPICIOUS_MOVE = YES;
				CLANG_WARN_UNGUARDED_AVAILABILITY = YES_AGGRESSIVE;
				CLANG_WARN_UNREACHABLE_CODE = YES;
				CLANG_WARN__DUPLICATE_METHOD_MATCH = YES;
				COPY_PHASE_STRIP = NO;
				DEBUG_INFORMATION_FORMAT = dwarf;
				ENABLE_STRICT_OBJC_MSGSEND = YES;
				ENABLE_TESTABILITY = YES;
				GCC_C_LANGUAGE_STANDARD = gnu11;
				GCC_DYNAMIC_NO_PIC = NO;
				GCC_NO_COMMON_BLOCKS = YES;
				GCC_OPTIMIZATION_LEVEL = 0;
				GCC_PREPROCESSOR_DEFINITIONS = (
					"DEBUG=1",
					"$(inherited)",
				);
				GCC_WARN_64_TO_32_BIT_CONVERSION = YES;
				GCC_WARN_ABOUT_RETURN_TYPE = YES_ERROR;
				GCC_WARN_UNDECLARED_SELECTOR = YES;
				GCC_WARN_UNINITIALIZED_AUTOS = YES_AGGRESSIVE;
				GCC_WARN_UNUSED_FUNCTION = YES;
				GCC_WARN_UNUSED_VARIABLE = YES;
				IPHONEOS_DEPLOYMENT_TARGET = 13.2;
				MTL_ENABLE_DEBUG_INFO = INCLUDE_SOURCE;
				MTL_FAST_MATH = YES;
				ONLY_ACTIVE_ARCH = YES;
				SDKROOT = iphoneos;
			};
			name = Debug;
		};
		C36DD7E32387794F0074B683 /* Release */ = {
			isa = XCBuildConfiguration;
			buildSettings = {
				ALWAYS_SEARCH_USER_PATHS = NO;
				CLANG_ANALYZER_NONNULL = YES;
				CLANG_ANALYZER_NUMBER_OBJECT_CONVERSION = YES_AGGRESSIVE;
				CLANG_CXX_LANGUAGE_STANDARD = "gnu++14";
				CLANG_CXX_LIBRARY = "libc++";
				CLANG_ENABLE_MODULES = YES;
				CLANG_ENABLE_OBJC_ARC = YES;
				CLANG_ENABLE_OBJC_WEAK = YES;
				CLANG_WARN_BLOCK_CAPTURE_AUTORELEASING = YES;
				CLANG_WARN_BOOL_CONVERSION = YES;
				CLANG_WARN_COMMA = YES;
				CLANG_WARN_CONSTANT_CONVERSION = YES;
				CLANG_WARN_DEPRECATED_OBJC_IMPLEMENTATIONS = YES;
				CLANG_WARN_DIRECT_OBJC_ISA_USAGE = YES_ERROR;
				CLANG_WARN_DOCUMENTATION_COMMENTS = YES;
				CLANG_WARN_EMPTY_BODY = YES;
				CLANG_WARN_ENUM_CONVERSION = YES;
				CLANG_WARN_INFINITE_RECURSION = YES;
				CLANG_WARN_INT_CONVERSION = YES;
				CLANG_WARN_NON_LITERAL_NULL_CONVERSION = YES;
				CLANG_WARN_OBJC_IMPLICIT_RETAIN_SELF = YES;
				CLANG_WARN_OBJC_LITERAL_CONVERSION = YES;
				CLANG_WARN_OBJC_ROOT_CLASS = YES_ERROR;
				CLANG_WARN_RANGE_LOOP_ANALYSIS = YES;
				CLANG_WARN_STRICT_PROTOTYPES = YES;
				CLANG_WARN_SUSPICIOUS_MOVE = YES;
				CLANG_WARN_UNGUARDED_AVAILABILITY = YES_AGGRESSIVE;
				CLANG_WARN_UNREACHABLE_CODE = YES;
				CLANG_WARN__DUPLICATE_METHOD_MATCH = YES;
				COPY_PHASE_STRIP = NO;
				DEBUG_INFORMATION_FORMAT = "dwarf-with-dsym";
				ENABLE_NS_ASSERTIONS = NO;
				ENABLE_STRICT_OBJC_MSGSEND = YES;
				GCC_C_LANGUAGE_STANDARD = gnu11;
				GCC_NO_COMMON_BLOCKS = YES;
				GCC_WARN_64_TO_32_BIT_CONVERSION = YES;
				GCC_WARN_ABOUT_RETURN_TYPE = YES_ERROR;
				GCC_WARN_UNDECLARED_SELECTOR = YES;
				GCC_WARN_UNINITIALIZED_AUTOS = YES_AGGRESSIVE;
				GCC_WARN_UNUSED_FUNCTION = YES;
				GCC_WARN_UNUSED_VARIABLE = YES;
				IPHONEOS_DEPLOYMENT_TARGET = 13.2;
				MTL_ENABLE_DEBUG_INFO = NO;
				MTL_FAST_MATH = YES;
				SDKROOT = iphoneos;
				VALIDATE_PRODUCT = YES;
			};
			name = Release;
		};
		C36DD7E52387794F0074B683 /* Debug */ = {
			isa = XCBuildConfiguration;
			buildSettings = {
				ASSETCATALOG_COMPILER_APPICON_NAME = AppIcon;
				CODE_SIGN_STYLE = Automatic;
				DEVELOPMENT_TEAM = T82JQ7P486;
				FRAMEWORK_SEARCH_PATHS = (
					"$(inherited)",
					"$(PROJECT_DIR)/Animation",
				);
				INFOPLIST_FILE = Animation/Info.plist;
				IPHONEOS_DEPLOYMENT_TARGET = 9.0;
				LD_RUNPATH_SEARCH_PATHS = (
					"$(inherited)",
					"@executable_path/Frameworks",
				);
				LIBRARY_SEARCH_PATHS = (
					"$(inherited)",
					"$(PROJECT_DIR)/Animation",
				);
				OTHER_LDFLAGS = "-Objc";
				PRODUCT_BUNDLE_IDENTIFIER = com.zgh.Animation;
				PRODUCT_NAME = "$(TARGET_NAME)";
				TARGETED_DEVICE_FAMILY = 1;
			};
			name = Debug;
		};
		C36DD7E62387794F0074B683 /* Release */ = {
			isa = XCBuildConfiguration;
			buildSettings = {
				ASSETCATALOG_COMPILER_APPICON_NAME = AppIcon;
				CODE_SIGN_STYLE = Automatic;
				DEVELOPMENT_TEAM = T82JQ7P486;
				FRAMEWORK_SEARCH_PATHS = (
					"$(inherited)",
					"$(PROJECT_DIR)/Animation",
				);
				INFOPLIST_FILE = Animation/Info.plist;
				IPHONEOS_DEPLOYMENT_TARGET = 9.0;
				LD_RUNPATH_SEARCH_PATHS = (
					"$(inherited)",
					"@executable_path/Frameworks",
				);
				LIBRARY_SEARCH_PATHS = (
					"$(inherited)",
					"$(PROJECT_DIR)/Animation",
				);
				OTHER_LDFLAGS = "-Objc";
				PRODUCT_BUNDLE_IDENTIFIER = com.zgh.Animation;
				PRODUCT_NAME = "$(TARGET_NAME)";
				TARGETED_DEVICE_FAMILY = 1;
			};
			name = Release;
		};
/* End XCBuildConfiguration section */

/* Begin XCConfigurationList section */
		C36DD7C62387794D0074B683 /* Build configuration list for PBXProject "Animation" */ = {
			isa = XCConfigurationList;
			buildConfigurations = (
				C36DD7E22387794F0074B683 /* Debug */,
				C36DD7E32387794F0074B683 /* Release */,
			);
			defaultConfigurationIsVisible = 0;
			defaultConfigurationName = Release;
		};
		C36DD7E42387794F0074B683 /* Build configuration list for PBXNativeTarget "Animation" */ = {
			isa = XCConfigurationList;
			buildConfigurations = (
				C36DD7E52387794F0074B683 /* Debug */,
				C36DD7E62387794F0074B683 /* Release */,
			);
			defaultConfigurationIsVisible = 0;
			defaultConfigurationName = Release;
		};
/* End XCConfigurationList section */
	};
	rootObject = C36DD7C32387794D0074B683 /* Project object */;
}
